<?xml version="1.0" encoding="utf-8"?>
<Project ToolsVersion="4.0" xmlns="http://schemas.microsoft.com/developer/msbuild/2003">
  <ItemGroup>
    <ClCompile Include="GAME00.cpp" />
    <ClCompile Include="CourseData.cpp" />
    <ClCompile Include="CourseManager.cpp" />
    <ClCompile Include="Sound.cpp" />
  </ItemGroup>
  <ItemGroup>
    <ClInclude Include="GAME00.h" />
    <ClInclude Include="CourseData.h" />
    <ClInclude Include="CourseManager.h" />
    <ClInclude Include="Courses.h" />
    <ClInclude Include="GoalData.h" />
    <ClInclude Include="Platform.h" />
    <ClInclude Include="PlatformData.h" />
    <ClInclude Include="PLAYER.h" />
    <ClInclude Include="Rect.h" />
    <ClInclude Include="Sound.h" />
  </ItemGroup>
  <ItemGroup>
    <Text Include="..\MAIN\assets\game00\title.txt" />
  </ItemGroup>
</Project>